
Microsoft Visual Studio Solution File, Format Version 12.00
# Visual Studio 2012
Project("{FAE04EC0-301F-11D3-BF4B-00C04F79EFBC}") = "WebPortfolio", "WebPortfolio\WebPortfolio.csproj", "{A90817AC-1870-409F-B23B-0B6A5BB7DCBA}"
EndProject
Global
	GlobalSection(SolutionConfigurationPlatforms) = preSolution
		Debug|Any CPU = Debug|Any CPU
		Release|Any CPU = Release|Any CPU
	EndGlobalSection
	GlobalSection(ProjectConfigurationPlatforms) = postSolution
		{A90817AC-1870-409F-B23B-0B6A5BB7DCBA}.Debug|Any CPU.ActiveCfg = Debug|Any CPU
		{A90817AC-1870-409F-B23B-0B6A5BB7DCBA}.Debug|Any CPU.Build.0 = Debug|Any CPU
		{A90817AC-1870-409F-B23B-0B6A5BB7DCBA}.Release|Any CPU.ActiveCfg = Release|Any CPU
		{A90817AC-1870-409F-B23B-0B6A5BB7DCBA}.Release|Any CPU.Build.0 = Release|Any CPU
	EndGlobalSection
	GlobalSection(SolutionProperties) = preSolution
		HideSolutionNode = FALSE
	EndGlobalSection
EndGlobal
